
Microsoft Visual Studio Solution File, Format Version 12.00
# Visual Studio Version 17
VisualStudioVersion = 17.3.32929.385
MinimumVisualStudioVersion = 10.0.40219.1
Project("{9A19103F-16F7-4668-BE54-9A1E7A4F7556}") = "projekt_RJ_KJ", "projekt_RJ_KJ\projekt_RJ_KJ.csproj", "{FE8C975F-16AD-44BB-9023-7C11E209B0F3}"
EndProject
Global
	GlobalSection(SolutionConfigurationPlatforms) = preSolution
		Debug|Any CPU = Debug|Any CPU
		Release|Any CPU = Release|Any CPU
	EndGlobalSection
	GlobalSection(ProjectConfigurationPlatforms) = postSolution
		{FE8C975F-16AD-44BB-9023-7C11E209B0F3}.Debug|Any CPU.ActiveCfg = Release|Any CPU
		{FE8C975F-16AD-44BB-9023-7C11E209B0F3}.Debug|Any CPU.Build.0 = Release|Any CPU
		{FE8C975F-16AD-44BB-9023-7C11E209B0F3}.Release|Any CPU.ActiveCfg = Release|Any CPU
		{FE8C975F-16AD-44BB-9023-7C11E209B0F3}.Release|Any CPU.Build.0 = Release|Any CPU
	EndGlobalSection
	GlobalSection(SolutionProperties) = preSolution
		HideSolutionNode = FALSE
	EndGlobalSection
	GlobalSection(ExtensibilityGlobals) = postSolution
		SolutionGuid = {06FCF9D2-41C2-4A13-94D6-79D57F51CBB0}
	EndGlobalSection
EndGlobal
